// !$*UTF8*$!
{
	archiveVersion = 1;
	classes = {
	};
	objectVersion = 60;
	objects = {

/* Begin PBXBuildFile section */
		520A0D3E2F5078D700C8D5EA /* InteractiveImageView in Frameworks */ = {isa = PBXBuildFile; productRef = 520A0D3D2F5078D700C8D5EA /* InteractiveImageView */; };
		5242FC9328B81E6300CFD51A /* image.png in Resources */ = {isa = PBXBuildFile; fileRef = 5242FC9228B81E6300CFD51A /* image.png */; };
		52EEC9F328B80734005C92BA /* Assets.xcassets in Resources */ = {isa = PBXBuildFile; fileRef = 52EEC9F228B80734005C92BA /* Assets.xcassets */; };
		52AA00012F5F000000000001 /* InteractiveImageViewExampleApp.swift in Sources */ = {isa = PBXBuildFile; fileRef = 52AA00002F5F000000000001 /* InteractiveImageViewExampleApp.swift */; };
		52AA00032F5F000000000003 /* ContentView.swift in Sources */ = {isa = PBXBuildFile; fileRef = 52AA00022F5F000000000003 /* ContentView.swift */; };
		52AA00052F5F000000000005 /* InteractiveImageViewRepresentable.swift in Sources */ = {isa = PBXBuildFile; fileRef = 52AA00042F5F000000000005 /* InteractiveImageViewRepresentable.swift */; };
/* End PBXBuildFile section */

/* Begin PBXFileReference section */
		5242FC9228B81E6300CFD51A /* image.png */ = {isa = PBXFileReference; lastKnownFileType = image.png; path = image.png; sourceTree = "<group>"; };
		52EEC9E628B80733005C92BA /* InteractiveImageViewExample.app */ = {isa = PBXFileReference; explicitFileType = wrapper.application; includeInIndex = 0; path = InteractiveImageViewExample.app; sourceTree = BUILT_PRODUCTS_DIR; };
		52EEC9F228B80734005C92BA /* Assets.xcassets */ = {isa = PBXFileReference; lastKnownFileType = folder.assetcatalog; path = Assets.xcassets; sourceTree = "<group>"; };
		52EEC9F728B80734005C92BA /* Info.plist */ = {isa = PBXFileReference; lastKnownFileType = text.plist.xml; path = Info.plist; sourceTree = "<group>"; };
		52AA00002F5F000000000001 /* InteractiveImageViewExampleApp.swift */ = {isa = PBXFileReference; lastKnownFileType = sourcecode.swift; path = InteractiveImageViewExampleApp.swift; sourceTree = "<group>"; };
		52AA00022F5F000000000003 /* ContentView.swift */ = {isa = PBXFileReference; lastKnownFileType = sourcecode.swift; path = ContentView.swift; sourceTree = "<group>"; };
		52AA00042F5F000000000005 /* InteractiveImageViewRepresentable.swift */ = {isa = PBXFileReference; lastKnownFileType = sourcecode.swift; path = InteractiveImageViewRepresentable.swift; sourceTree = "<group>"; };
/* End PBXFileReference section */

/* Begin PBXFrameworksBuildPhase section */
		52EEC9E328B80733005C92BA /* Frameworks */ = {
			isa = PBXFrameworksBuildPhase;
			buildActionMask = 2147483647;
			files = (
				520A0D3E2F5078D700C8D5EA /* InteractiveImageView in Frameworks */,
			);
			runOnlyForDeploymentPostprocessing = 0;
		};
/* End PBXFrameworksBuildPhase section */

/* Begin PBXGroup section */
		52AA00062F5F000000000006 /* App */ = {
			isa = PBXGroup;
			children = (
				52AA00002F5F000000000001 /* InteractiveImageViewExampleApp.swift */,
			);
			path = App;
			sourceTree = "<group>";
		};
		52AA00072F5F000000000007 /* Views */ = {
			isa = PBXGroup;
			children = (
				52AA00022F5F000000000003 /* ContentView.swift */,
				52AA00042F5F000000000005 /* InteractiveImageViewRepresentable.swift */,
			);
			path = Views;
			sourceTree = "<group>";
		};
		5242FC8F28B81AC800CFD51A /* Resources */ = {
			isa = PBXGroup;
			children = (
				5242FC9228B81E6300CFD51A /* image.png */,
			);
			path = Resources;
			sourceTree = "<group>";
		};
		52EEC9DD28B80733005C92BA = {
			isa = PBXGroup;
			children = (
				52EEC9E828B80733005C92BA /* InteractiveImageViewExample */,
				52EEC9E728B80733005C92BA /* Products */,
			);
			sourceTree = "<group>";
		};
		52EEC9E728B80733005C92BA /* Products */ = {
			isa = PBXGroup;
			children = (
				52EEC9E628B80733005C92BA /* InteractiveImageViewExample.app */,
			);
			name = Products;
			sourceTree = "<group>";
		};
		52EEC9E828B80733005C92BA /* InteractiveImageViewExample */ = {
			isa = PBXGroup;
			children = (
				52AA00062F5F000000000006 /* App */,
				52AA00072F5F000000000007 /* Views */,
				5242FC8F28B81AC800CFD51A /* Resources */,
				52EEC9F228B80734005C92BA /* Assets.xcassets */,
				52EEC9F728B80734005C92BA /* Info.plist */,
			);
			path = InteractiveImageViewExample;
			sourceTree = "<group>";
		};
/* End PBXGroup section */

/* Begin PBXNativeTarget section */
		52EEC9E528B80733005C92BA /* InteractiveImageViewExample */ = {
			isa = PBXNativeTarget;
			buildConfigurationList = 52EEC9FA28B80734005C92BA /* Build configuration list for PBXNativeTarget "InteractiveImageViewExample" */;
			buildPhases = (
				52EEC9E228B80733005C92BA /* Sources */,
				52EEC9E328B80733005C92BA /* Frameworks */,
				52EEC9E428B80733005C92BA /* Resources */,
			);
			buildRules = (
			);
			dependencies = (
			);
			name = InteractiveImageViewExample;
			packageProductDependencies = (
				520A0D3D2F5078D700C8D5EA /* InteractiveImageView */,
			);
			productName = InteractiveImageViewExample;
			productReference = 52EEC9E628B80733005C92BA /* InteractiveImageViewExample.app */;
			productType = "com.apple.product-type.application";
		};
/* End PBXNativeTarget section */

/* Begin PBXProject section */
		52EEC9DE28B80733005C92BA /* Project object */ = {
			isa = PBXProject;
			attributes = {
				BuildIndependentTargetsInParallel = 1;
				LastSwiftUpdateCheck = 1340;
				LastUpgradeCheck = 1340;
				TargetAttributes = {
					52EEC9E528B80733005C92BA = {
						CreatedOnToolsVersion = 13.4;
					};
				};
			};
			buildConfigurationList = 52EEC9E128B80733005C92BA /* Build configuration list for PBXProject "InteractiveImageViewExample" */;
			compatibilityVersion = "Xcode 13.0";
			developmentRegion = en;
			hasScannedForEncodings = 0;
			knownRegions = (
				en,
				Base,
			);
			mainGroup = 52EEC9DD28B80733005C92BA;
			packageReferences = (
				520A0D3C2F5078D700C8D5EA /* XCLocalSwiftPackageReference "../../InteractiveImageView" */,
			);
			productRefGroup = 52EEC9E728B80733005C92BA /* Products */;
			projectDirPath = "";
			projectRoot = "";
			targets = (
				52EEC9E528B80733005C92BA /* InteractiveImageViewExample */,
			);
		};
/* End PBXProject section */

/* Begin PBXResourcesBuildPhase section */
		52EEC9E428B80733005C92BA /* Resources */ = {
			isa = PBXResourcesBuildPhase;
			buildActionMask = 2147483647;
			files = (
				52EEC9F328B80734005C92BA /* Assets.xcassets in Resources */,
				5242FC9328B81E6300CFD51A /* image.png in Resources */,
			);
			runOnlyForDeploymentPostprocessing = 0;
		};
/* End PBXResourcesBuildPhase section */

/* Begin PBXSourcesBuildPhase section */
		52EEC9E228B80733005C92BA /* Sources */ = {
			isa = PBXSourcesBuildPhase;
			buildActionMask = 2147483647;
			files = (
				52AA00012F5F000000000001 /* InteractiveImageViewExampleApp.swift in Sources */,
				52AA00032F5F000000000003 /* ContentView.swift in Sources */,
				52AA00052F5F000000000005 /* InteractiveImageViewRepresentable.swift in Sources */,
			);
			runOnlyForDeploymentPostprocessing = 0;
		};
/* End PBXSourcesBuildPhase section */

/* Begin XCBuildConfiguration section */
		52EEC9F828B80734005C92BA /* Debug */ = {
			isa = XCBuildConfiguration;
			buildSettings = {
				ALWAYS_SEARCH_USER_PATHS = NO;
				CLANG_ANALYZER_NONNULL = YES;
				CLANG_ANALYZER_NUMBER_OBJECT_CONVERSION = YES_AGGRESSIVE;
				CLANG_CXX_LANGUAGE_STANDARD = "gnu++17";
				CLANG_ENABLE_MODULES = YES;
				CLANG_ENABLE_OBJC_ARC = YES;
				CLANG_ENABLE_OBJC_WEAK = YES;
				CLANG_WARN_BLOCK_CAPTURE_AUTORELEASING = YES;
				CLANG_WARN_BOOL_CONVERSION = YES;
				CLANG_WARN_COMMA = YES;
				CLANG_WARN_CONSTANT_CONVERSION = YES;
				CLANG_WARN_DEPRECATED_OBJC_IMPLEMENTATIONS = YES;
				CLANG_WARN_DIRECT_OBJC_ISA_USAGE = YES_ERROR;
				CLANG_WARN_DOCUMENTATION_COMMENTS = YES;
				CLANG_WARN_EMPTY_BODY = YES;
				CLANG_WARN_ENUM_CONVERSION = YES;
				CLANG_WARN_INFINITE_RECURSION = YES;
				CLANG_WARN_INT_CONVERSION = YES;
				CLANG_WARN_NON_LITERAL_NULL_CONVERSION = YES;
				CLANG_WARN_OBJC_IMPLICIT_RETAIN_SELF = YES;
				CLANG_WARN_OBJC_LITERAL_CONVERSION = YES;
				CLANG_WARN_OBJC_ROOT_CLASS = YES_ERROR;
				CLANG_WARN_QUOTED_INCLUDE_IN_FRAMEWORK_HEADER = YES;
				CLANG_WARN_RANGE_LOOP_ANALYSIS = YES;
				CLANG_WARN_STRICT_PROTOTYPES = YES;
				CLANG_WARN_SUSPICIOUS_MOVE = YES;
				CLANG_WARN_UNGUARDED_AVAILABILITY = YES_AGGRESSIVE;
				CLANG_WARN_UNREACHABLE_CODE = YES;
				CLANG_WARN__DUPLICATE_METHOD_MATCH = YES;
				COPY_PHASE_STRIP = NO;
				DEBUG_INFORMATION_FORMAT = dwarf;
				ENABLE_STRICT_OBJC_MSGSEND = YES;
				ENABLE_TESTABILITY = YES;
				GCC_C_LANGUAGE_STANDARD = gnu11;
				GCC_DYNAMIC_NO_PIC = NO;
				GCC_NO_COMMON_BLOCKS = YES;
				GCC_OPTIMIZATION_LEVEL = 0;
				GCC_PREPROCESSOR_DEFINITIONS = (
					"DEBUG=1",
					"$(inherited)",
				);
				GCC_WARN_64_TO_32_BIT_CONVERSION = YES;
				GCC_WARN_ABOUT_RETURN_TYPE = YES_ERROR;
				GCC_WARN_UNDECLARED_SELECTOR = YES;
				GCC_WARN_UNINITIALIZED_AUTOS = YES_AGGRESSIVE;
				GCC_WARN_UNUSED_FUNCTION = YES;
				GCC_WARN_UNUSED_VARIABLE = YES;
				IPHONEOS_DEPLOYMENT_TARGET = 15.5;
				MTL_ENABLE_DEBUG_INFO = INCLUDE_SOURCE;
				MTL_FAST_MATH = YES;
				ONLY_ACTIVE_ARCH = YES;
				SDKROOT = iphoneos;
				SWIFT_ACTIVE_COMPILATION_CONDITIONS = DEBUG;
				SWIFT_OPTIMIZATION_LEVEL = "-Onone";
			};
			name = Debug;
		};
		52EEC9F928B80734005C92BA /* Release */ = {
			isa = XCBuildConfiguration;
			buildSettings = {
				ALWAYS_SEARCH_USER_PATHS = NO;
				CLANG_ANALYZER_NONNULL = YES;
				CLANG_ANALYZER_NUMBER_OBJECT_CONVERSION = YES_AGGRESSIVE;
				CLANG_CXX_LANGUAGE_STANDARD = "gnu++17";
				CLANG_ENABLE_MODULES = YES;
				CLANG_ENABLE_OBJC_ARC = YES;
				CLANG_ENABLE_OBJC_WEAK = YES;
				CLANG_WARN_BLOCK_CAPTURE_AUTORELEASING = YES;
				CLANG_WARN_BOOL_CONVERSION = YES;
				CLANG_WARN_COMMA = YES;
				CLANG_WARN_CONSTANT_CONVERSION = YES;
				CLANG_WARN_DEPRECATED_OBJC_IMPLEMENTATIONS = YES;
				CLANG_WARN_DIRECT_OBJC_ISA_USAGE = YES_ERROR;
				CLANG_WARN_DOCUMENTATION_COMMENTS = YES;
				CLANG_WARN_EMPTY_BODY = YES;
				CLANG_WARN_ENUM_CONVERSION = YES;
				CLANG_WARN_INFINITE_RECURSION = YES;
				CLANG_WARN_INT_CONVERSION = YES;
				CLANG_WARN_NON_LITERAL_NULL_CONVERSION = YES;
				CLANG_WARN_OBJC_IMPLICIT_RETAIN_SELF = YES;
				CLANG_WARN_OBJC_LITERAL_CONVERSION = YES;
				CLANG_WARN_OBJC_ROOT_CLASS = YES_ERROR;
				CLANG_WARN_QUOTED_INCLUDE_IN_FRAMEWORK_HEADER = YES;
				CLANG_WARN_RANGE_LOOP_ANALYSIS = YES;
				CLANG_WARN_STRICT_PROTOTYPES = YES;
				CLANG_WARN_SUSPICIOUS_MOVE = YES;
				CLANG_WARN_UNGUARDED_AVAILABILITY = YES_AGGRESSIVE;
				CLANG_WARN_UNREACHABLE_CODE = YES;
				CLANG_WARN__DUPLICATE_METHOD_MATCH = YES;
				COPY_PHASE_STRIP = NO;
				DEBUG_INFORMATION_FORMAT = "dwarf-with-dsym";
				ENABLE_NS_ASSERTIONS = NO;
				ENABLE_STRICT_OBJC_MSGSEND = YES;
				GCC_C_LANGUAGE_STANDARD = gnu11;
				GCC_NO_COMMON_BLOCKS = YES;
				GCC_WARN_64_TO_32_BIT_CONVERSION = YES;
				GCC_WARN_ABOUT_RETURN_TYPE = YES_ERROR;
				GCC_WARN_UNDECLARED_SELECTOR = YES;
				GCC_WARN_UNINITIALIZED_AUTOS = YES_AGGRESSIVE;
				GCC_WARN_UNUSED_FUNCTION = YES;
				GCC_WARN_UNUSED_VARIABLE = YES;
				IPHONEOS_DEPLOYMENT_TARGET = 15.5;
				MTL_ENABLE_DEBUG_INFO = NO;
				MTL_FAST_MATH = YES;
				SDKROOT = iphoneos;
				SWIFT_COMPILATION_MODE = wholemodule;
				SWIFT_OPTIMIZATION_LEVEL = "-O";
				VALIDATE_PRODUCT = YES;
			};
			name = Release;
		};
		52EEC9FB28B80734005C92BA /* Debug */ = {
			isa = XCBuildConfiguration;
			buildSettings = {
				ASSETCATALOG_COMPILER_APPICON_NAME = AppIcon;
				ASSETCATALOG_COMPILER_GLOBAL_ACCENT_COLOR_NAME = AccentColor;
				CODE_SIGN_STYLE = Automatic;
				CURRENT_PROJECT_VERSION = 1;
				DEVELOPMENT_TEAM = "";
				GENERATE_INFOPLIST_FILE = YES;
				INFOPLIST_FILE = InteractiveImageViewExample/Info.plist;
				INFOPLIST_KEY_UIApplicationSupportsIndirectInputEvents = YES;
				INFOPLIST_KEY_UISupportedInterfaceOrientations_iPad = "UIInterfaceOrientationPortrait UIInterfaceOrientationPortraitUpsideDown UIInterfaceOrientationLandscapeLeft UIInterfaceOrientationLandscapeRight";
				INFOPLIST_KEY_UISupportedInterfaceOrientations_iPhone = "UIInterfaceOrientationPortrait UIInterfaceOrientationLandscapeLeft UIInterfaceOrientationLandscapeRight";
				LD_RUNPATH_SEARCH_PATHS = (
					"$(inherited)",
					"@executable_path/Frameworks",
				);
				MARKETING_VERSION = 1.0;
				PRODUCT_BUNDLE_IDENTIFIER = com.egzonpllana.InteractiveImageViewExample;
				PRODUCT_NAME = "$(TARGET_NAME)";
				SWIFT_EMIT_LOC_STRINGS = YES;
				SWIFT_VERSION = 5.0;
				TARGETED_DEVICE_FAMILY = 1;
			};
			name = Debug;
		};
		52EEC9FC28B80734005C92BA /* Release */ = {
			isa = XCBuildConfiguration;
			buildSettings = {
				ASSETCATALOG_COMPILER_APPICON_NAME = AppIcon;
				ASSETCATALOG_COMPILER_GLOBAL_ACCENT_COLOR_NAME = AccentColor;
				CODE_SIGN_STYLE = Automatic;
				CURRENT_PROJECT_VERSION = 1;
				DEVELOPMENT_TEAM = "";
				GENERATE_INFOPLIST_FILE = YES;
				INFOPLIST_FILE = InteractiveImageViewExample/Info.plist;
				INFOPLIST_KEY_UIApplicationSupportsIndirectInputEvents = YES;
				INFOPLIST_KEY_UISupportedInterfaceOrientations_iPad = "UIInterfaceOrientationPortrait UIInterfaceOrientationPortraitUpsideDown UIInterfaceOrientationLandscapeLeft UIInterfaceOrientationLandscapeRight";
				INFOPLIST_KEY_UISupportedInterfaceOrientations_iPhone = "UIInterfaceOrientationPortrait UIInterfaceOrientationLandscapeLeft UIInterfaceOrientationLandscapeRight";
				LD_RUNPATH_SEARCH_PATHS = (
					"$(inherited)",
					"@executable_path/Frameworks",
				);
				MARKETING_VERSION = 1.0;
				PRODUCT_BUNDLE_IDENTIFIER = com.egzonpllana.InteractiveImageViewExample;
				PRODUCT_NAME = "$(TARGET_NAME)";
				SWIFT_EMIT_LOC_STRINGS = YES;
				SWIFT_VERSION = 5.0;
				TARGETED_DEVICE_FAMILY = 1;
			};
			name = Release;
		};
/* End XCBuildConfiguration section */

/* Begin XCConfigurationList section */
		52EEC9E128B80733005C92BA /* Build configuration list for PBXProject "InteractiveImageViewExample" */ = {
			isa = XCConfigurationList;
			buildConfigurations = (
				52EEC9F828B80734005C92BA /* Debug */,
				52EEC9F928B80734005C92BA /* Release */,
			);
			defaultConfigurationIsVisible = 0;
			defaultConfigurationName = Release;
		};
		52EEC9FA28B80734005C92BA /* Build configuration list for PBXNativeTarget "InteractiveImageViewExample" */ = {
			isa = XCConfigurationList;
			buildConfigurations = (
				52EEC9FB28B80734005C92BA /* Debug */,
				52EEC9FC28B80734005C92BA /* Release */,
			);
			defaultConfigurationIsVisible = 0;
			defaultConfigurationName = Release;
		};
/* End XCConfigurationList section */

/* Begin XCLocalSwiftPackageReference section */
		520A0D3C2F5078D700C8D5EA /* XCLocalSwiftPackageReference "../../InteractiveImageView" */ = {
			isa = XCLocalSwiftPackageReference;
			relativePath = ../../InteractiveImageView;
		};
/* End XCLocalSwiftPackageReference section */

/* Begin XCSwiftPackageProductDependency section */
		520A0D3D2F5078D700C8D5EA /* InteractiveImageView */ = {
			isa = XCSwiftPackageProductDependency;
			productName = InteractiveImageView;
		};
/* End XCSwiftPackageProductDependency section */
	};
	rootObject = 52EEC9DE28B80733005C92BA /* Project object */;
}
